
Microsoft Visual Studio Solution File, Format Version 12.00
# Visual Studio 15
Project("{FAE04EC0-301F-11D3-BF4B-00C04F79EFBC}") = "Xamarin.Forms.EasyLoading.Multi", "Xamarin.Forms.EasyLoading.Multi\Xamarin.Forms.EasyLoading.Multi.csproj", "{739650E3-282B-4B2C-A687-370886A37A37}"
EndProject
Project("{2150E333-8FDC-42A3-9474-1A3956D46DE8}") = "Source", "Source", "{AC1D4E27-694A-46C0-A29A-23111946B174}"
EndProject
Project("{2150E333-8FDC-42A3-9474-1A3956D46DE8}") = "Example", "Example", "{2E286C66-122E-4D84-B36C-AF5D1F737F1D}"
EndProject
Global
	GlobalSection(SolutionConfigurationPlatforms) = preSolution
		Debug|Any CPU = Debug|Any CPU
		Release|Any CPU = Release|Any CPU
		Debug|iPhoneSimulator = Debug|iPhoneSimulator
		Release|iPhoneSimulator = Release|iPhoneSimulator
		Debug|iPhone = Debug|iPhone
		Release|iPhone = Release|iPhone
		Ad-Hoc|iPhone = Ad-Hoc|iPhone
		AppStore|iPhone = AppStore|iPhone
	EndGlobalSection
	GlobalSection(ProjectConfigurationPlatforms) = postSolution
		{739650E3-282B-4B2C-A687-370886A37A37}.Debug|Any CPU.ActiveCfg = Debug|Any CPU
		{739650E3-282B-4B2C-A687-370886A37A37}.Debug|Any CPU.Build.0 = Debug|Any CPU
		{739650E3-282B-4B2C-A687-370886A37A37}.Release|Any CPU.ActiveCfg = Release|Any CPU
		{739650E3-282B-4B2C-A687-370886A37A37}.Release|Any CPU.Build.0 = Release|Any CPU
		{739650E3-282B-4B2C-A687-370886A37A37}.Debug|iPhoneSimulator.ActiveCfg = Debug|Any CPU
		{739650E3-282B-4B2C-A687-370886A37A37}.Debug|iPhoneSimulator.Build.0 = Debug|Any CPU
		{739650E3-282B-4B2C-A687-370886A37A37}.Release|iPhoneSimulator.ActiveCfg = Release|Any CPU
		{739650E3-282B-4B2C-A687-370886A37A37}.Release|iPhoneSimulator.Build.0 = Release|Any CPU
		{739650E3-282B-4B2C-A687-370886A37A37}.Debug|iPhone.ActiveCfg = Debug|Any CPU
		{739650E3-282B-4B2C-A687-370886A37A37}.Debug|iPhone.Build.0 = Debug|Any CPU
		{739650E3-282B-4B2C-A687-370886A37A37}.Release|iPhone.ActiveCfg = Release|Any CPU
		{739650E3-282B-4B2C-A687-370886A37A37}.Release|iPhone.Build.0 = Release|Any CPU
		{739650E3-282B-4B2C-A687-370886A37A37}.Ad-Hoc|iPhone.ActiveCfg = Debug|Any CPU
		{739650E3-282B-4B2C-A687-370886A37A37}.Ad-Hoc|iPhone.Build.0 = Debug|Any CPU
		{739650E3-282B-4B2C-A687-370886A37A37}.AppStore|iPhone.ActiveCfg = Debug|Any CPU
		{739650E3-282B-4B2C-A687-370886A37A37}.AppStore|iPhone.Build.0 = Debug|Any CPU
	EndGlobalSection
	GlobalSection(NestedProjects) = preSolution
		{739650E3-282B-4B2C-A687-370886A37A37} = {AC1D4E27-694A-46C0-A29A-23111946B174}
	EndGlobalSection
EndGlobal
